
Microsoft Visual Studio Solution File, Format Version 12.00
# Visual Studio Version 17
VisualStudioVersion = 17.5.33530.505
MinimumVisualStudioVersion = 10.0.40219.1
Project("{9A19103F-16F7-4668-BE54-9A1E7A4F7556}") = "Carcore.API", "Carcore.API\Carcore.API.csproj", "{A18DF56B-0C77-43B9-99D5-044A4C5671A6}"
EndProject
Project("{E53339B2-1760-4266-BCC7-CA923CBCF16C}") = "docker-compose", "docker-compose.dcproj", "{7434A66D-2C87-4CB5-9E4A-1715089FE114}"
EndProject
Project("{FAE04EC0-301F-11D3-BF4B-00C04F79EFBC}") = "CarCore.Test", "CarCore.Test\CarCore.Test.csproj", "{EA6BFF92-6202-40CF-BB89-51DC69596744}"
EndProject
Global
	GlobalSection(SolutionConfigurationPlatforms) = preSolution
		Debug|Any CPU = Debug|Any CPU
		Release|Any CPU = Release|Any CPU
	EndGlobalSection
	GlobalSection(ProjectConfigurationPlatforms) = postSolution
		{A18DF56B-0C77-43B9-99D5-044A4C5671A6}.Debug|Any CPU.ActiveCfg = Debug|Any CPU
		{A18DF56B-0C77-43B9-99D5-044A4C5671A6}.Debug|Any CPU.Build.0 = Debug|Any CPU
		{A18DF56B-0C77-43B9-99D5-044A4C5671A6}.Release|Any CPU.ActiveCfg = Release|Any CPU
		{A18DF56B-0C77-43B9-99D5-044A4C5671A6}.Release|Any CPU.Build.0 = Release|Any CPU
		{7434A66D-2C87-4CB5-9E4A-1715089FE114}.Debug|Any CPU.ActiveCfg = Debug|Any CPU
		{7434A66D-2C87-4CB5-9E4A-1715089FE114}.Debug|Any CPU.Build.0 = Debug|Any CPU
		{7434A66D-2C87-4CB5-9E4A-1715089FE114}.Release|Any CPU.ActiveCfg = Release|Any CPU
		{7434A66D-2C87-4CB5-9E4A-1715089FE114}.Release|Any CPU.Build.0 = Release|Any CPU
		{EA6BFF92-6202-40CF-BB89-51DC69596744}.Debug|Any CPU.ActiveCfg = Debug|Any CPU
		{EA6BFF92-6202-40CF-BB89-51DC69596744}.Debug|Any CPU.Build.0 = Debug|Any CPU
		{EA6BFF92-6202-40CF-BB89-51DC69596744}.Release|Any CPU.ActiveCfg = Release|Any CPU
		{EA6BFF92-6202-40CF-BB89-51DC69596744}.Release|Any CPU.Build.0 = Release|Any CPU
	EndGlobalSection
	GlobalSection(SolutionProperties) = preSolution
		HideSolutionNode = FALSE
	EndGlobalSection
	GlobalSection(ExtensibilityGlobals) = postSolution
		SolutionGuid = {69647143-4FD0-4EF3-80B6-E661363AA13A}
	EndGlobalSection
EndGlobal
