
Microsoft Visual Studio Solution File, Format Version 12.00
# Visual Studio Version 17
VisualStudioVersion = 17.5.33516.290
MinimumVisualStudioVersion = 10.0.40219.1
Project("{FAE04EC0-301F-11D3-BF4B-00C04F79EFBC}") = "Carcore", "Carcore\Carcore.csproj", "{ACD62102-CFA3-415C-8E65-11826E680A69}"
EndProject
Project("{E53339B2-1760-4266-BCC7-CA923CBCF16C}") = "docker-compose", "docker-compose.dcproj", "{CE382228-D6B0-43F5-BF76-303CEA00405C}"
EndProject
Global
	GlobalSection(SolutionConfigurationPlatforms) = preSolution
		Debug|Any CPU = Debug|Any CPU
		Release|Any CPU = Release|Any CPU
	EndGlobalSection
	GlobalSection(ProjectConfigurationPlatforms) = postSolution
		{ACD62102-CFA3-415C-8E65-11826E680A69}.Debug|Any CPU.ActiveCfg = Debug|Any CPU
		{ACD62102-CFA3-415C-8E65-11826E680A69}.Debug|Any CPU.Build.0 = Debug|Any CPU
		{ACD62102-CFA3-415C-8E65-11826E680A69}.Release|Any CPU.ActiveCfg = Release|Any CPU
		{ACD62102-CFA3-415C-8E65-11826E680A69}.Release|Any CPU.Build.0 = Release|Any CPU
		{CE382228-D6B0-43F5-BF76-303CEA00405C}.Debug|Any CPU.ActiveCfg = Debug|Any CPU
		{CE382228-D6B0-43F5-BF76-303CEA00405C}.Debug|Any CPU.Build.0 = Debug|Any CPU
		{CE382228-D6B0-43F5-BF76-303CEA00405C}.Release|Any CPU.ActiveCfg = Release|Any CPU
		{CE382228-D6B0-43F5-BF76-303CEA00405C}.Release|Any CPU.Build.0 = Release|Any CPU
	EndGlobalSection
	GlobalSection(SolutionProperties) = preSolution
		HideSolutionNode = FALSE
	EndGlobalSection
	GlobalSection(ExtensibilityGlobals) = postSolution
		SolutionGuid = {53A00811-A221-4522-B379-574B1E6F20AF}
	EndGlobalSection
EndGlobal
